<?xml version="1.0" encoding="utf-8"?>
<Project ToolsVersion="4.0" xmlns="http://schemas.microsoft.com/developer/msbuild/2003">
  <ItemGroup>
    <Filter Include="Source Files">
      <UniqueIdentifier>{4FC737F1-C7A5-4376-A066-2A32D752A2FF}</UniqueIdentifier>
      <Extensions>cpp;c;cc;cxx;def;odl;idl;hpj;bat;asm;asmx</Extensions>
    </Filter>
    <Filter Include="Header Files">
      <UniqueIdentifier>{93995380-89BD-4b04-88EB-625FBE52EBFB}</UniqueIdentifier>
      <Extensions>h;hh;hpp;hxx;hm;inl;inc;xsd</Extensions>
    </Filter>
    <Filter Include="Resource Files">
      <UniqueIdentifier>{67DA6AB6-F800-4c08-8B7A-83BB121AAD01}</UniqueIdentifier>
      <Extensions>rc;ico;cur;bmp;dlg;rc2;rct;bin;rgs;gif;jpg;jpeg;jpe;resx;tiff;tif;png;wav;mfcribbon-ms</Extensions>
    </Filter>
    <Filter Include="Wrapper">
      <UniqueIdentifier>{a256c93f-e06f-4c1b-afae-6f0c53a0b2bc}</UniqueIdentifier>
    </Filter>
  </ItemGroup>
  <ItemGroup>
    <ClCompile Include="main.cpp">
      <Filter>Source Files</Filter>
    </ClCompile>
  </ItemGroup>
  <ItemGroup>
    <ClInclude Include="Math.h">
      <Filter>Header Files</Filter>
    </ClInclude>
    <ClInclude Include="OpenGL_Driver.h">
      <Filter>Header Files</Filter>
    </ClInclude>
    <ClInclude Include="OpenGL_GLSL.h">
      <Filter>Header Files</Filter>
    </ClInclude>
    <ClInclude Include="Timer.h">
      <Filter>Header Files</Filter>
    </ClInclude>
    <ClInclude Include="Tri_Mesh.h">
      <Filter>Header Files</Filter>
    </ClInclude>
    <ClInclude Include="Fluid.h">
      <Filter>Header Files</Filter>
    </ClInclude>
    <ClInclude Include="tinyply.h">
      <Filter>Header Files</Filter>
    </ClInclude>
    <ClInclude Include="CGAL_Wrapper.h">
      <Filter>Wrapper</Filter>
    </ClInclude>
    <ClInclude Include="tinyply_Wrapper.h">
      <Filter>Wrapper</Filter>
    </ClInclude>
    <ClInclude Include="SPSR_Wrapper.h">
      <Filter>Wrapper</Filter>
    </ClInclude>
    <ClInclude Include="Manta_Wrapper.h">
      <Filter>Wrapper</Filter>
    </ClInclude>
  </ItemGroup>
  <ItemGroup>
    <None Include="packages.config" />
  </ItemGroup>
</Project>